// !$*UTF8*$!
{
	archiveVersion = 1;
	classes = {
	};
	objectVersion = 56;
	objects = {

/* Begin PBXBuildFile section */
		7647BF1E2C59BBDA00E9A464 /* FeedCell.swift in Sources */ = {isa = PBXBuildFile; fileRef = 7647BF1D2C59BBDA00E9A464 /* FeedCell.swift */; };
		769004042C565E8C002C1258 /* AppDelegate.swift in Sources */ = {isa = PBXBuildFile; fileRef = 769004032C565E8C002C1258 /* AppDelegate.swift */; };
		769004062C565E8C002C1258 /* SceneDelegate.swift in Sources */ = {isa = PBXBuildFile; fileRef = 769004052C565E8C002C1258 /* SceneDelegate.swift */; };
		769004082C565E8C002C1258 /* ViewController.swift in Sources */ = {isa = PBXBuildFile; fileRef = 769004072C565E8C002C1258 /* ViewController.swift */; };
		7690040B2C565E8C002C1258 /* Base in Resources */ = {isa = PBXBuildFile; fileRef = 7690040A2C565E8C002C1258 /* Base */; };
		7690040D2C565E8E002C1258 /* Assets.xcassets in Resources */ = {isa = PBXBuildFile; fileRef = 7690040C2C565E8E002C1258 /* Assets.xcassets */; };
		769004102C565E8E002C1258 /* Base in Resources */ = {isa = PBXBuildFile; fileRef = 7690040F2C565E8E002C1258 /* Base */; };
		7690041B2C565E8E002C1258 /* InstaCloneTests.swift in Sources */ = {isa = PBXBuildFile; fileRef = 7690041A2C565E8E002C1258 /* InstaCloneTests.swift */; };
		769004252C565E8E002C1258 /* InstaCloneUITests.swift in Sources */ = {isa = PBXBuildFile; fileRef = 769004242C565E8E002C1258 /* InstaCloneUITests.swift */; };
		769004272C565E8E002C1258 /* InstaCloneUITestsLaunchTests.swift in Sources */ = {isa = PBXBuildFile; fileRef = 769004262C565E8E002C1258 /* InstaCloneUITestsLaunchTests.swift */; };
		769004342C566092002C1258 /* GoogleService-Info.plist in Resources */ = {isa = PBXBuildFile; fileRef = 769004332C566092002C1258 /* GoogleService-Info.plist */; };
		769004362C56728A002C1258 /* FeedViewController.swift in Sources */ = {isa = PBXBuildFile; fileRef = 769004352C56728A002C1258 /* FeedViewController.swift */; };
		769004382C567297002C1258 /* UploadViewController.swift in Sources */ = {isa = PBXBuildFile; fileRef = 769004372C567297002C1258 /* UploadViewController.swift */; };
		7690043A2C5672A6002C1258 /* SettingsViewController.swift in Sources */ = {isa = PBXBuildFile; fileRef = 769004392C5672A6002C1258 /* SettingsViewController.swift */; };
		B84BDAF6B0A5463416EAD895 /* Pods_InstaCloneTests.framework in Frameworks */ = {isa = PBXBuildFile; fileRef = 118B28C131AF96DE21CE48E1 /* Pods_InstaCloneTests.framework */; };
		C38AABEF068FA74CF2C87AAB /* Pods_InstaClone_InstaCloneUITests.framework in Frameworks */ = {isa = PBXBuildFile; fileRef = 68A58C6C254DBA7D62F1A4E2 /* Pods_InstaClone_InstaCloneUITests.framework */; };
		DBE3DEDF0771A47D3367480F /* Pods_InstaClone.framework in Frameworks */ = {isa = PBXBuildFile; fileRef = FCC6E3BC688EF0F2CB5C70BE /* Pods_InstaClone.framework */; };
/* End PBXBuildFile section */

/* Begin PBXContainerItemProxy section */
		769004172C565E8E002C1258 /* PBXContainerItemProxy */ = {
			isa = PBXContainerItemProxy;
			containerPortal = 769003F82C565E8C002C1258 /* Project object */;
			proxyType = 1;
			remoteGlobalIDString = 769003FF2C565E8C002C1258;
			remoteInfo = InstaClone;
		};
		769004212C565E8E002C1258 /* PBXContainerItemProxy */ = {
			isa = PBXContainerItemProxy;
			containerPortal = 769003F82C565E8C002C1258 /* Project object */;
			proxyType = 1;
			remoteGlobalIDString = 769003FF2C565E8C002C1258;
			remoteInfo = InstaClone;
		};
/* End PBXContainerItemProxy section */

/* Begin PBXFileReference section */
		11360DB485DEB5DD3A8B2E3E /* Pods-InstaClone.release.xcconfig */ = {isa = PBXFileReference; includeInIndex = 1; lastKnownFileType = text.xcconfig; name = "Pods-InstaClone.release.xcconfig"; path = "Target Support Files/Pods-InstaClone/Pods-InstaClone.release.xcconfig"; sourceTree = "<group>"; };
		118B28C131AF96DE21CE48E1 /* Pods_InstaCloneTests.framework */ = {isa = PBXFileReference; explicitFileType = wrapper.framework; includeInIndex = 0; path = Pods_InstaCloneTests.framework; sourceTree = BUILT_PRODUCTS_DIR; };
		33ACFB1E9F9D28CEB5F57FFE /* Pods-InstaClone-InstaCloneUITests.debug.xcconfig */ = {isa = PBXFileReference; includeInIndex = 1; lastKnownFileType = text.xcconfig; name = "Pods-InstaClone-InstaCloneUITests.debug.xcconfig"; path = "Target Support Files/Pods-InstaClone-InstaCloneUITests/Pods-InstaClone-InstaCloneUITests.debug.xcconfig"; sourceTree = "<group>"; };
		68A58C6C254DBA7D62F1A4E2 /* Pods_InstaClone_InstaCloneUITests.framework */ = {isa = PBXFileReference; explicitFileType = wrapper.framework; includeInIndex = 0; path = Pods_InstaClone_InstaCloneUITests.framework; sourceTree = BUILT_PRODUCTS_DIR; };
		69C2589216C970BD940584A0 /* Pods-InstaClone-InstaCloneUITests.release.xcconfig */ = {isa = PBXFileReference; includeInIndex = 1; lastKnownFileType = text.xcconfig; name = "Pods-InstaClone-InstaCloneUITests.release.xcconfig"; path = "Target Support Files/Pods-InstaClone-InstaCloneUITests/Pods-InstaClone-InstaCloneUITests.release.xcconfig"; sourceTree = "<group>"; };
		7497A791D4C50DA060F0E44D /* Pods-InstaClone.debug.xcconfig */ = {isa = PBXFileReference; includeInIndex = 1; lastKnownFileType = text.xcconfig; name = "Pods-InstaClone.debug.xcconfig"; path = "Target Support Files/Pods-InstaClone/Pods-InstaClone.debug.xcconfig"; sourceTree = "<group>"; };
		7647BF1D2C59BBDA00E9A464 /* FeedCell.swift */ = {isa = PBXFileReference; lastKnownFileType = sourcecode.swift; path = FeedCell.swift; sourceTree = "<group>"; };
		769004002C565E8C002C1258 /* InstaClone.app */ = {isa = PBXFileReference; explicitFileType = wrapper.application; includeInIndex = 0; path = InstaClone.app; sourceTree = BUILT_PRODUCTS_DIR; };
		769004032C565E8C002C1258 /* AppDelegate.swift */ = {isa = PBXFileReference; lastKnownFileType = sourcecode.swift; path = AppDelegate.swift; sourceTree = "<group>"; };
		769004052C565E8C002C1258 /* SceneDelegate.swift */ = {isa = PBXFileReference; lastKnownFileType = sourcecode.swift; path = SceneDelegate.swift; sourceTree = "<group>"; };
		769004072C565E8C002C1258 /* ViewController.swift */ = {isa = PBXFileReference; lastKnownFileType = sourcecode.swift; path = ViewController.swift; sourceTree = "<group>"; };
		7690040A2C565E8C002C1258 /* Base */ = {isa = PBXFileReference; lastKnownFileType = file.storyboard; name = Base; path = Base.lproj/Main.storyboard; sourceTree = "<group>"; };
		7690040C2C565E8E002C1258 /* Assets.xcassets */ = {isa = PBXFileReference; lastKnownFileType = folder.assetcatalog; path = Assets.xcassets; sourceTree = "<group>"; };
		7690040F2C565E8E002C1258 /* Base */ = {isa = PBXFileReference; lastKnownFileType = file.storyboard; name = Base; path = Base.lproj/LaunchScreen.storyboard; sourceTree = "<group>"; };
		769004112C565E8E002C1258 /* Info.plist */ = {isa = PBXFileReference; lastKnownFileType = text.plist.xml; path = Info.plist; sourceTree = "<group>"; };
		769004162C565E8E002C1258 /* InstaCloneTests.xctest */ = {isa = PBXFileReference; explicitFileType = wrapper.cfbundle; includeInIndex = 0; path = InstaCloneTests.xctest; sourceTree = BUILT_PRODUCTS_DIR; };
		7690041A2C565E8E002C1258 /* InstaCloneTests.swift */ = {isa = PBXFileReference; lastKnownFileType = sourcecode.swift; path = InstaCloneTests.swift; sourceTree = "<group>"; };
		769004202C565E8E002C1258 /* InstaCloneUITests.xctest */ = {isa = PBXFileReference; explicitFileType = wrapper.cfbundle; includeInIndex = 0; path = InstaCloneUITests.xctest; sourceTree = BUILT_PRODUCTS_DIR; };
		769004242C565E8E002C1258 /* InstaCloneUITests.swift */ = {isa = PBXFileReference; lastKnownFileType = sourcecode.swift; path = InstaCloneUITests.swift; sourceTree = "<group>"; };
		769004262C565E8E002C1258 /* InstaCloneUITestsLaunchTests.swift */ = {isa = PBXFileReference; lastKnownFileType = sourcecode.swift; path = InstaCloneUITestsLaunchTests.swift; sourceTree = "<group>"; };
		769004332C566092002C1258 /* GoogleService-Info.plist */ = {isa = PBXFileReference; fileEncoding = 4; lastKnownFileType = text.plist.xml; path = "GoogleService-Info.plist"; sourceTree = "<group>"; };
		769004352C56728A002C1258 /* FeedViewController.swift */ = {isa = PBXFileReference; lastKnownFileType = sourcecode.swift; path = FeedViewController.swift; sourceTree = "<group>"; };
		769004372C567297002C1258 /* UploadViewController.swift */ = {isa = PBXFileReference; lastKnownFileType = sourcecode.swift; path = UploadViewController.swift; sourceTree = "<group>"; };
		769004392C5672A6002C1258 /* SettingsViewController.swift */ = {isa = PBXFileReference; lastKnownFileType = sourcecode.swift; path = SettingsViewController.swift; sourceTree = "<group>"; };
		C2F48D7D3EE2277C5E311D9A /* Pods-InstaCloneTests.release.xcconfig */ = {isa = PBXFileReference; includeInIndex = 1; lastKnownFileType = text.xcconfig; name = "Pods-InstaCloneTests.release.xcconfig"; path = "Target Support Files/Pods-InstaCloneTests/Pods-InstaCloneTests.release.xcconfig"; sourceTree = "<group>"; };
		F5FCBC1A13463833F1037DE3 /* Pods-InstaCloneTests.debug.xcconfig */ = {isa = PBXFileReference; includeInIndex = 1; lastKnownFileType = text.xcconfig; name = "Pods-InstaCloneTests.debug.xcconfig"; path = "Target Support Files/Pods-InstaCloneTests/Pods-InstaCloneTests.debug.xcconfig"; sourceTree = "<group>"; };
		FCC6E3BC688EF0F2CB5C70BE /* Pods_InstaClone.framework */ = {isa = PBXFileReference; explicitFileType = wrapper.framework; includeInIndex = 0; path = Pods_InstaClone.framework; sourceTree = BUILT_PRODUCTS_DIR; };
/* End PBXFileReference section */

/* Begin PBXFrameworksBuildPhase section */
		769003FD2C565E8C002C1258 /* Frameworks */ = {
			isa = PBXFrameworksBuildPhase;
			buildActionMask = 2147483647;
			files = (
				DBE3DEDF0771A47D3367480F /* Pods_InstaClone.framework in Frameworks */,
			);
			runOnlyForDeploymentPostprocessing = 0;
		};
		769004132C565E8E002C1258 /* Frameworks */ = {
			isa = PBXFrameworksBuildPhase;
			buildActionMask = 2147483647;
			files = (
				B84BDAF6B0A5463416EAD895 /* Pods_InstaCloneTests.framework in Frameworks */,
			);
			runOnlyForDeploymentPostprocessing = 0;
		};
		7690041D2C565E8E002C1258 /* Frameworks */ = {
			isa = PBXFrameworksBuildPhase;
			buildActionMask = 2147483647;
			files = (
				C38AABEF068FA74CF2C87AAB /* Pods_InstaClone_InstaCloneUITests.framework in Frameworks */,
			);
			runOnlyForDeploymentPostprocessing = 0;
		};
/* End PBXFrameworksBuildPhase section */

/* Begin PBXGroup section */
		00C075FE75CBFD751734C295 /* Frameworks */ = {
			isa = PBXGroup;
			children = (
				FCC6E3BC688EF0F2CB5C70BE /* Pods_InstaClone.framework */,
				68A58C6C254DBA7D62F1A4E2 /* Pods_InstaClone_InstaCloneUITests.framework */,
				118B28C131AF96DE21CE48E1 /* Pods_InstaCloneTests.framework */,
			);
			name = Frameworks;
			sourceTree = "<group>";
		};
		769003F72C565E8C002C1258 = {
			isa = PBXGroup;
			children = (
				769004022C565E8C002C1258 /* InstaClone */,
				769004192C565E8E002C1258 /* InstaCloneTests */,
				769004232C565E8E002C1258 /* InstaCloneUITests */,
				769004012C565E8C002C1258 /* Products */,
				B9C748979123F4EA65AC8507 /* Pods */,
				00C075FE75CBFD751734C295 /* Frameworks */,
			);
			sourceTree = "<group>";
		};
		769004012C565E8C002C1258 /* Products */ = {
			isa = PBXGroup;
			children = (
				769004002C565E8C002C1258 /* InstaClone.app */,
				769004162C565E8E002C1258 /* InstaCloneTests.xctest */,
				769004202C565E8E002C1258 /* InstaCloneUITests.xctest */,
			);
			name = Products;
			sourceTree = "<group>";
		};
		769004022C565E8C002C1258 /* InstaClone */ = {
			isa = PBXGroup;
			children = (
				769004032C565E8C002C1258 /* AppDelegate.swift */,
				769004052C565E8C002C1258 /* SceneDelegate.swift */,
				769004072C565E8C002C1258 /* ViewController.swift */,
				769004352C56728A002C1258 /* FeedViewController.swift */,
				769004372C567297002C1258 /* UploadViewController.swift */,
				769004392C5672A6002C1258 /* SettingsViewController.swift */,
				7647BF1D2C59BBDA00E9A464 /* FeedCell.swift */,
				769004092C565E8C002C1258 /* Main.storyboard */,
				7690040C2C565E8E002C1258 /* Assets.xcassets */,
				7690040E2C565E8E002C1258 /* LaunchScreen.storyboard */,
				769004112C565E8E002C1258 /* Info.plist */,
				769004332C566092002C1258 /* GoogleService-Info.plist */,
			);
			path = InstaClone;
			sourceTree = "<group>";
		};
		769004192C565E8E002C1258 /* InstaCloneTests */ = {
			isa = PBXGroup;
			children = (
				7690041A2C565E8E002C1258 /* InstaCloneTests.swift */,
			);
			path = InstaCloneTests;
			sourceTree = "<group>";
		};
		769004232C565E8E002C1258 /* InstaCloneUITests */ = {
			isa = PBXGroup;
			children = (
				769004242C565E8E002C1258 /* InstaCloneUITests.swift */,
				769004262C565E8E002C1258 /* InstaCloneUITestsLaunchTests.swift */,
			);
			path = InstaCloneUITests;
			sourceTree = "<group>";
		};
		B9C748979123F4EA65AC8507 /* Pods */ = {
			isa = PBXGroup;
			children = (
				7497A791D4C50DA060F0E44D /* Pods-InstaClone.debug.xcconfig */,
				11360DB485DEB5DD3A8B2E3E /* Pods-InstaClone.release.xcconfig */,
				33ACFB1E9F9D28CEB5F57FFE /* Pods-InstaClone-InstaCloneUITests.debug.xcconfig */,
				69C2589216C970BD940584A0 /* Pods-InstaClone-InstaCloneUITests.release.xcconfig */,
				F5FCBC1A13463833F1037DE3 /* Pods-InstaCloneTests.debug.xcconfig */,
				C2F48D7D3EE2277C5E311D9A /* Pods-InstaCloneTests.release.xcconfig */,
			);
			path = Pods;
			sourceTree = "<group>";
		};
/* End PBXGroup section */

/* Begin PBXNativeTarget section */
		769003FF2C565E8C002C1258 /* InstaClone */ = {
			isa = PBXNativeTarget;
			buildConfigurationList = 7690042A2C565E8E002C1258 /* Build configuration list for PBXNativeTarget "InstaClone" */;
			buildPhases = (
				61325671580B4A51002290E4 /* [CP] Check Pods Manifest.lock */,
				769003FC2C565E8C002C1258 /* Sources */,
				769003FD2C565E8C002C1258 /* Frameworks */,
				769003FE2C565E8C002C1258 /* Resources */,
				793A18EE2332133EA0D28519 /* [CP] Embed Pods Frameworks */,
			);
			buildRules = (
			);
			dependencies = (
			);
			name = InstaClone;
			productName = InstaClone;
			productReference = 769004002C565E8C002C1258 /* InstaClone.app */;
			productType = "com.apple.product-type.application";
		};
		769004152C565E8E002C1258 /* InstaCloneTests */ = {
			isa = PBXNativeTarget;
			buildConfigurationList = 7690042D2C565E8E002C1258 /* Build configuration list for PBXNativeTarget "InstaCloneTests" */;
			buildPhases = (
				A251D4BEF0428E4C08282104 /* [CP] Check Pods Manifest.lock */,
				769004122C565E8E002C1258 /* Sources */,
				769004132C565E8E002C1258 /* Frameworks */,
				769004142C565E8E002C1258 /* Resources */,
			);
			buildRules = (
			);
			dependencies = (
				769004182C565E8E002C1258 /* PBXTargetDependency */,
			);
			name = InstaCloneTests;
			productName = InstaCloneTests;
			productReference = 769004162C565E8E002C1258 /* InstaCloneTests.xctest */;
			productType = "com.apple.product-type.bundle.unit-test";
		};
		7690041F2C565E8E002C1258 /* InstaCloneUITests */ = {
			isa = PBXNativeTarget;
			buildConfigurationList = 769004302C565E8E002C1258 /* Build configuration list for PBXNativeTarget "InstaCloneUITests" */;
			buildPhases = (
				7A156A651FC2B82078F687EC /* [CP] Check Pods Manifest.lock */,
				7690041C2C565E8E002C1258 /* Sources */,
				7690041D2C565E8E002C1258 /* Frameworks */,
				7690041E2C565E8E002C1258 /* Resources */,
				AC19127CC799558C370628C2 /* [CP] Embed Pods Frameworks */,
			);
			buildRules = (
			);
			dependencies = (
				769004222C565E8E002C1258 /* PBXTargetDependency */,
			);
			name = InstaCloneUITests;
			productName = InstaCloneUITests;
			productReference = 769004202C565E8E002C1258 /* InstaCloneUITests.xctest */;
			productType = "com.apple.product-type.bundle.ui-testing";
		};
/* End PBXNativeTarget section */

/* Begin PBXProject section */
		769003F82C565E8C002C1258 /* Project object */ = {
			isa = PBXProject;
			attributes = {
				BuildIndependentTargetsInParallel = 1;
				LastSwiftUpdateCheck = 1540;
				LastUpgradeCheck = 1540;
				TargetAttributes = {
					769003FF2C565E8C002C1258 = {
						CreatedOnToolsVersion = 15.4;
					};
					769004152C565E8E002C1258 = {
						CreatedOnToolsVersion = 15.4;
						TestTargetID = 769003FF2C565E8C002C1258;
					};
					7690041F2C565E8E002C1258 = {
						CreatedOnToolsVersion = 15.4;
						TestTargetID = 769003FF2C565E8C002C1258;
					};
				};
			};
			buildConfigurationList = 769003FB2C565E8C002C1258 /* Build configuration list for PBXProject "InstaClone" */;
			compatibilityVersion = "Xcode 14.0";
			developmentRegion = en;
			hasScannedForEncodings = 0;
			knownRegions = (
				en,
				Base,
			);
			mainGroup = 769003F72C565E8C002C1258;
			productRefGroup = 769004012C565E8C002C1258 /* Products */;
			projectDirPath = "";
			projectRoot = "";
			targets = (
				769003FF2C565E8C002C1258 /* InstaClone */,
				769004152C565E8E002C1258 /* InstaCloneTests */,
				7690041F2C565E8E002C1258 /* InstaCloneUITests */,
			);
		};
/* End PBXProject section */

/* Begin PBXResourcesBuildPhase section */
		769003FE2C565E8C002C1258 /* Resources */ = {
			isa = PBXResourcesBuildPhase;
			buildActionMask = 2147483647;
			files = (
				7690040D2C565E8E002C1258 /* Assets.xcassets in Resources */,
				769004342C566092002C1258 /* GoogleService-Info.plist in Resources */,
				769004102C565E8E002C1258 /* Base in Resources */,
				7690040B2C565E8C002C1258 /* Base in Resources */,
			);
			runOnlyForDeploymentPostprocessing = 0;
		};
		769004142C565E8E002C1258 /* Resources */ = {
			isa = PBXResourcesBuildPhase;
			buildActionMask = 2147483647;
			files = (
			);
			runOnlyForDeploymentPostprocessing = 0;
		};
		7690041E2C565E8E002C1258 /* Resources */ = {
			isa = PBXResourcesBuildPhase;
			buildActionMask = 2147483647;
			files = (
			);
			runOnlyForDeploymentPostprocessing = 0;
		};
/* End PBXResourcesBuildPhase section */

/* Begin PBXShellScriptBuildPhase section */
		61325671580B4A51002290E4 /* [CP] Check Pods Manifest.lock */ = {
			isa = PBXShellScriptBuildPhase;
			buildActionMask = 2147483647;
			files = (
			);
			inputFileListPaths = (
			);
			inputPaths = (
				"${PODS_PODFILE_DIR_PATH}/Podfile.lock",
				"${PODS_ROOT}/Manifest.lock",
			);
			name = "[CP] Check Pods Manifest.lock";
			outputFileListPaths = (
			);
			outputPaths = (
				"$(DERIVED_FILE_DIR)/Pods-InstaClone-checkManifestLockResult.txt",
			);
			runOnlyForDeploymentPostprocessing = 0;
			shellPath = /bin/sh;
			shellScript = "diff \"${PODS_PODFILE_DIR_PATH}/Podfile.lock\" \"${PODS_ROOT}/Manifest.lock\" > /dev/null\nif [ $? != 0 ] ; then\n    # print error to STDERR\n    echo \"error: The sandbox is not in sync with the Podfile.lock. Run 'pod install' or update your CocoaPods installation.\" >&2\n    exit 1\nfi\n# This output is used by Xcode 'outputs' to avoid re-running this script phase.\necho \"SUCCESS\" > \"${SCRIPT_OUTPUT_FILE_0}\"\n";
			showEnvVarsInLog = 0;
		};
		793A18EE2332133EA0D28519 /* [CP] Embed Pods Frameworks */ = {
			isa = PBXShellScriptBuildPhase;
			buildActionMask = 2147483647;
			files = (
			);
			inputFileListPaths = (
				"${PODS_ROOT}/Target Support Files/Pods-InstaClone/Pods-InstaClone-frameworks-${CONFIGURATION}-input-files.xcfilelist",
			);
			name = "[CP] Embed Pods Frameworks";
			outputFileListPaths = (
				"${PODS_ROOT}/Target Support Files/Pods-InstaClone/Pods-InstaClone-frameworks-${CONFIGURATION}-output-files.xcfilelist",
			);
			runOnlyForDeploymentPostprocessing = 0;
			shellPath = /bin/sh;
			shellScript = "\"${PODS_ROOT}/Target Support Files/Pods-InstaClone/Pods-InstaClone-frameworks.sh\"\n";
			showEnvVarsInLog = 0;
		};
		7A156A651FC2B82078F687EC /* [CP] Check Pods Manifest.lock */ = {
			isa = PBXShellScriptBuildPhase;
			buildActionMask = 2147483647;
			files = (
			);
			inputFileListPaths = (
			);
			inputPaths = (
				"${PODS_PODFILE_DIR_PATH}/Podfile.lock",
				"${PODS_ROOT}/Manifest.lock",
			);
			name = "[CP] Check Pods Manifest.lock";
			outputFileListPaths = (
			);
			outputPaths = (
				"$(DERIVED_FILE_DIR)/Pods-InstaClone-InstaCloneUITests-checkManifestLockResult.txt",
			);
			runOnlyForDeploymentPostprocessing = 0;
			shellPath = /bin/sh;
			shellScript = "diff \"${PODS_PODFILE_DIR_PATH}/Podfile.lock\" \"${PODS_ROOT}/Manifest.lock\" > /dev/null\nif [ $? != 0 ] ; then\n    # print error to STDERR\n    echo \"error: The sandbox is not in sync with the Podfile.lock. Run 'pod install' or update your CocoaPods installation.\" >&2\n    exit 1\nfi\n# This output is used by Xcode 'outputs' to avoid re-running this script phase.\necho \"SUCCESS\" > \"${SCRIPT_OUTPUT_FILE_0}\"\n";
			showEnvVarsInLog = 0;
		};
		A251D4BEF0428E4C08282104 /* [CP] Check Pods Manifest.lock */ = {
			isa = PBXShellScriptBuildPhase;
			buildActionMask = 2147483647;
			files = (
			);
			inputFileListPaths = (
			);
			inputPaths = (
				"${PODS_PODFILE_DIR_PATH}/Podfile.lock",
				"${PODS_ROOT}/Manifest.lock",
			);
			name = "[CP] Check Pods Manifest.lock";
			outputFileListPaths = (
			);
			outputPaths = (
				"$(DERIVED_FILE_DIR)/Pods-InstaCloneTests-checkManifestLockResult.txt",
			);
			runOnlyForDeploymentPostprocessing = 0;
			shellPath = /bin/sh;
			shellScript = "diff \"${PODS_PODFILE_DIR_PATH}/Podfile.lock\" \"${PODS_ROOT}/Manifest.lock\" > /dev/null\nif [ $? != 0 ] ; then\n    # print error to STDERR\n    echo \"error: The sandbox is not in sync with the Podfile.lock. Run 'pod install' or update your CocoaPods installation.\" >&2\n    exit 1\nfi\n# This output is used by Xcode 'outputs' to avoid re-running this script phase.\necho \"SUCCESS\" > \"${SCRIPT_OUTPUT_FILE_0}\"\n";
			showEnvVarsInLog = 0;
		};
		AC19127CC799558C370628C2 /* [CP] Embed Pods Frameworks */ = {
			isa = PBXShellScriptBuildPhase;
			buildActionMask = 2147483647;
			files = (
			);
			inputFileListPaths = (
				"${PODS_ROOT}/Target Support Files/Pods-InstaClone-InstaCloneUITests/Pods-InstaClone-InstaCloneUITests-frameworks-${CONFIGURATION}-input-files.xcfilelist",
			);
			name = "[CP] Embed Pods Frameworks";
			outputFileListPaths = (
				"${PODS_ROOT}/Target Support Files/Pods-InstaClone-InstaCloneUITests/Pods-InstaClone-InstaCloneUITests-frameworks-${CONFIGURATION}-output-files.xcfilelist",
			);
			runOnlyForDeploymentPostprocessing = 0;
			shellPath = /bin/sh;
			shellScript = "\"${PODS_ROOT}/Target Support Files/Pods-InstaClone-InstaCloneUITests/Pods-InstaClone-InstaCloneUITests-frameworks.sh\"\n";
			showEnvVarsInLog = 0;
		};
/* End PBXShellScriptBuildPhase section */

/* Begin PBXSourcesBuildPhase section */
		769003FC2C565E8C002C1258 /* Sources */ = {
			isa = PBXSourcesBuildPhase;
			buildActionMask = 2147483647;
			files = (
				7647BF1E2C59BBDA00E9A464 /* FeedCell.swift in Sources */,
				769004082C565E8C002C1258 /* ViewController.swift in Sources */,
				769004382C567297002C1258 /* UploadViewController.swift in Sources */,
				769004042C565E8C002C1258 /* AppDelegate.swift in Sources */,
				769004362C56728A002C1258 /* FeedViewController.swift in Sources */,
				769004062C565E8C002C1258 /* SceneDelegate.swift in Sources */,
				7690043A2C5672A6002C1258 /* SettingsViewController.swift in Sources */,
			);
			runOnlyForDeploymentPostprocessing = 0;
		};
		769004122C565E8E002C1258 /* Sources */ = {
			isa = PBXSourcesBuildPhase;
			buildActionMask = 2147483647;
			files = (
				7690041B2C565E8E002C1258 /* InstaCloneTests.swift in Sources */,
			);
			runOnlyForDeploymentPostprocessing = 0;
		};
		7690041C2C565E8E002C1258 /* Sources */ = {
			isa = PBXSourcesBuildPhase;
			buildActionMask = 2147483647;
			files = (
				769004272C565E8E002C1258 /* InstaCloneUITestsLaunchTests.swift in Sources */,
				769004252C565E8E002C1258 /* InstaCloneUITests.swift in Sources */,
			);
			runOnlyForDeploymentPostprocessing = 0;
		};
/* End PBXSourcesBuildPhase section */

/* Begin PBXTargetDependency section */
		769004182C565E8E002C1258 /* PBXTargetDependency */ = {
			isa = PBXTargetDependency;
			target = 769003FF2C565E8C002C1258 /* InstaClone */;
			targetProxy = 769004172C565E8E002C1258 /* PBXContainerItemProxy */;
		};
		769004222C565E8E002C1258 /* PBXTargetDependency */ = {
			isa = PBXTargetDependency;
			target = 769003FF2C565E8C002C1258 /* InstaClone */;
			targetProxy = 769004212C565E8E002C1258 /* PBXContainerItemProxy */;
		};
/* End PBXTargetDependency section */

/* Begin PBXVariantGroup section */
		769004092C565E8C002C1258 /* Main.storyboard */ = {
			isa = PBXVariantGroup;
			children = (
				7690040A2C565E8C002C1258 /* Base */,
			);
			name = Main.storyboard;
			sourceTree = "<group>";
		};
		7690040E2C565E8E002C1258 /* LaunchScreen.storyboard */ = {
			isa = PBXVariantGroup;
			children = (
				7690040F2C565E8E002C1258 /* Base */,
			);
			name = LaunchScreen.storyboard;
			sourceTree = "<group>";
		};
/* End PBXVariantGroup section */

/* Begin XCBuildConfiguration section */
		769004282C565E8E002C1258 /* Debug */ = {
			isa = XCBuildConfiguration;
			buildSettings = {
				ALWAYS_SEARCH_USER_PATHS = NO;
				ASSETCATALOG_COMPILER_GENERATE_SWIFT_ASSET_SYMBOL_EXTENSIONS = YES;
				CLANG_ANALYZER_NONNULL = YES;
				CLANG_ANALYZER_NUMBER_OBJECT_CONVERSION = YES_AGGRESSIVE;
				CLANG_CXX_LANGUAGE_STANDARD = "gnu++20";
				CLANG_ENABLE_MODULES = YES;
				CLANG_ENABLE_OBJC_ARC = YES;
				CLANG_ENABLE_OBJC_WEAK = YES;
				CLANG_WARN_BLOCK_CAPTURE_AUTORELEASING = YES;
				CLANG_WARN_BOOL_CONVERSION = YES;
				CLANG_WARN_COMMA = YES;
				CLANG_WARN_CONSTANT_CONVERSION = YES;
				CLANG_WARN_DEPRECATED_OBJC_IMPLEMENTATIONS = YES;
				CLANG_WARN_DIRECT_OBJC_ISA_USAGE = YES_ERROR;
				CLANG_WARN_DOCUMENTATION_COMMENTS = YES;
				CLANG_WARN_EMPTY_BODY = YES;
				CLANG_WARN_ENUM_CONVERSION = YES;
				CLANG_WARN_INFINITE_RECURSION = YES;
				CLANG_WARN_INT_CONVERSION = YES;
				CLANG_WARN_NON_LITERAL_NULL_CONVERSION = YES;
				CLANG_WARN_OBJC_IMPLICIT_RETAIN_SELF = YES;
				CLANG_WARN_OBJC_LITERAL_CONVERSION = YES;
				CLANG_WARN_OBJC_ROOT_CLASS = YES_ERROR;
				CLANG_WARN_QUOTED_INCLUDE_IN_FRAMEWORK_HEADER = YES;
				CLANG_WARN_RANGE_LOOP_ANALYSIS = YES;
				CLANG_WARN_STRICT_PROTOTYPES = YES;
				CLANG_WARN_SUSPICIOUS_MOVE = YES;
				CLANG_WARN_UNGUARDED_AVAILABILITY = YES_AGGRESSIVE;
				CLANG_WARN_UNREACHABLE_CODE = YES;
				CLANG_WARN__DUPLICATE_METHOD_MATCH = YES;
				COPY_PHASE_STRIP = NO;
				DEBUG_INFORMATION_FORMAT = dwarf;
				ENABLE_STRICT_OBJC_MSGSEND = YES;
				ENABLE_TESTABILITY = YES;
				ENABLE_USER_SCRIPT_SANDBOXING = NO;
				GCC_C_LANGUAGE_STANDARD = gnu17;
				GCC_DYNAMIC_NO_PIC = NO;
				GCC_NO_COMMON_BLOCKS = YES;
				GCC_OPTIMIZATION_LEVEL = 0;
				GCC_PREPROCESSOR_DEFINITIONS = (
					"DEBUG=1",
					"$(inherited)",
				);
				GCC_WARN_64_TO_32_BIT_CONVERSION = YES;
				GCC_WARN_ABOUT_RETURN_TYPE = YES_ERROR;
				GCC_WARN_UNDECLARED_SELECTOR = YES;
				GCC_WARN_UNINITIALIZED_AUTOS = YES_AGGRESSIVE;
				GCC_WARN_UNUSED_FUNCTION = YES;
				GCC_WARN_UNUSED_VARIABLE = YES;
				IPHONEOS_DEPLOYMENT_TARGET = 17.5;
				LOCALIZATION_PREFERS_STRING_CATALOGS = YES;
				MTL_ENABLE_DEBUG_INFO = INCLUDE_SOURCE;
				MTL_FAST_MATH = YES;
				ONLY_ACTIVE_ARCH = YES;
				SDKROOT = iphoneos;
				SWIFT_ACTIVE_COMPILATION_CONDITIONS = "DEBUG $(inherited)";
				SWIFT_OPTIMIZATION_LEVEL = "-Onone";
			};
			name = Debug;
		};
		769004292C565E8E002C1258 /* Release */ = {
			isa = XCBuildConfiguration;
			buildSettings = {
				ALWAYS_SEARCH_USER_PATHS = NO;
				ASSETCATALOG_COMPILER_GENERATE_SWIFT_ASSET_SYMBOL_EXTENSIONS = YES;
				CLANG_ANALYZER_NONNULL = YES;
				CLANG_ANALYZER_NUMBER_OBJECT_CONVERSION = YES_AGGRESSIVE;
				CLANG_CXX_LANGUAGE_STANDARD = "gnu++20";
				CLANG_ENABLE_MODULES = YES;
				CLANG_ENABLE_OBJC_ARC = YES;
				CLANG_ENABLE_OBJC_WEAK = YES;
				CLANG_WARN_BLOCK_CAPTURE_AUTORELEASING = YES;
				CLANG_WARN_BOOL_CONVERSION = YES;
				CLANG_WARN_COMMA = YES;
				CLANG_WARN_CONSTANT_CONVERSION = YES;
				CLANG_WARN_DEPRECATED_OBJC_IMPLEMENTATIONS = YES;
				CLANG_WARN_DIRECT_OBJC_ISA_USAGE = YES_ERROR;
				CLANG_WARN_DOCUMENTATION_COMMENTS = YES;
				CLANG_WARN_EMPTY_BODY = YES;
				CLANG_WARN_ENUM_CONVERSION = YES;
				CLANG_WARN_INFINITE_RECURSION = YES;
				CLANG_WARN_INT_CONVERSION = YES;
				CLANG_WARN_NON_LITERAL_NULL_CONVERSION = YES;
				CLANG_WARN_OBJC_IMPLICIT_RETAIN_SELF = YES;
				CLANG_WARN_OBJC_LITERAL_CONVERSION = YES;
				CLANG_WARN_OBJC_ROOT_CLASS = YES_ERROR;
				CLANG_WARN_QUOTED_INCLUDE_IN_FRAMEWORK_HEADER = YES;
				CLANG_WARN_RANGE_LOOP_ANALYSIS = YES;
				CLANG_WARN_STRICT_PROTOTYPES = YES;
				CLANG_WARN_SUSPICIOUS_MOVE = YES;
				CLANG_WARN_UNGUARDED_AVAILABILITY = YES_AGGRESSIVE;
				CLANG_WARN_UNREACHABLE_CODE = YES;
				CLANG_WARN__DUPLICATE_METHOD_MATCH = YES;
				COPY_PHASE_STRIP = NO;
				DEBUG_INFORMATION_FORMAT = "dwarf-with-dsym";
				ENABLE_NS_ASSERTIONS = NO;
				ENABLE_STRICT_OBJC_MSGSEND = YES;
				ENABLE_USER_SCRIPT_SANDBOXING = NO;
				GCC_C_LANGUAGE_STANDARD = gnu17;
				GCC_NO_COMMON_BLOCKS = YES;
				GCC_WARN_64_TO_32_BIT_CONVERSION = YES;
				GCC_WARN_ABOUT_RETURN_TYPE = YES_ERROR;
				GCC_WARN_UNDECLARED_SELECTOR = YES;
				GCC_WARN_UNINITIALIZED_AUTOS = YES_AGGRESSIVE;
				GCC_WARN_UNUSED_FUNCTION = YES;
				GCC_WARN_UNUSED_VARIABLE = YES;
				IPHONEOS_DEPLOYMENT_TARGET = 17.5;
				LOCALIZATION_PREFERS_STRING_CATALOGS = YES;
				MTL_ENABLE_DEBUG_INFO = NO;
				MTL_FAST_MATH = YES;
				SDKROOT = iphoneos;
				SWIFT_COMPILATION_MODE = wholemodule;
				VALIDATE_PRODUCT = YES;
			};
			name = Release;
		};
		7690042B2C565E8E002C1258 /* Debug */ = {
			isa = XCBuildConfiguration;
			baseConfigurationReference = 7497A791D4C50DA060F0E44D /* Pods-InstaClone.debug.xcconfig */;
			buildSettings = {
				ASSETCATALOG_COMPILER_APPICON_NAME = AppIcon;
				ASSETCATALOG_COMPILER_GLOBAL_ACCENT_COLOR_NAME = AccentColor;
				CODE_SIGN_STYLE = Automatic;
				CURRENT_PROJECT_VERSION = 1;
				GENERATE_INFOPLIST_FILE = YES;
				INFOPLIST_FILE = InstaClone/Info.plist;
				INFOPLIST_KEY_UIApplicationSupportsIndirectInputEvents = YES;
				INFOPLIST_KEY_UILaunchStoryboardName = LaunchScreen;
				INFOPLIST_KEY_UIMainStoryboardFile = Main;
				INFOPLIST_KEY_UISupportedInterfaceOrientations_iPad = "UIInterfaceOrientationPortrait UIInterfaceOrientationPortraitUpsideDown UIInterfaceOrientationLandscapeLeft UIInterfaceOrientationLandscapeRight";
				INFOPLIST_KEY_UISupportedInterfaceOrientations_iPhone = "UIInterfaceOrientationPortrait UIInterfaceOrientationLandscapeLeft UIInterfaceOrientationLandscapeRight";
				LD_RUNPATH_SEARCH_PATHS = (
					"$(inherited)",
					"@executable_path/Frameworks",
				);
				MARKETING_VERSION = 1.0;
				PRODUCT_BUNDLE_IDENTIFIER = Alp.InstaClone;
				PRODUCT_NAME = "$(TARGET_NAME)";
				SWIFT_EMIT_LOC_STRINGS = YES;
				SWIFT_VERSION = 5.0;
				TARGETED_DEVICE_FAMILY = "1,2";
			};
			name = Debug;
		};
		7690042C2C565E8E002C1258 /* Release */ = {
			isa = XCBuildConfiguration;
			baseConfigurationReference = 11360DB485DEB5DD3A8B2E3E /* Pods-InstaClone.release.xcconfig */;
			buildSettings = {
				ASSETCATALOG_COMPILER_APPICON_NAME = AppIcon;
				ASSETCATALOG_COMPILER_GLOBAL_ACCENT_COLOR_NAME = AccentColor;
				CODE_SIGN_STYLE = Automatic;
				CURRENT_PROJECT_VERSION = 1;
				GENERATE_INFOPLIST_FILE = YES;
				INFOPLIST_FILE = InstaClone/Info.plist;
				INFOPLIST_KEY_UIApplicationSupportsIndirectInputEvents = YES;
				INFOPLIST_KEY_UILaunchStoryboardName = LaunchScreen;
				INFOPLIST_KEY_UIMainStoryboardFile = Main;
				INFOPLIST_KEY_UISupportedInterfaceOrientations_iPad = "UIInterfaceOrientationPortrait UIInterfaceOrientationPortraitUpsideDown UIInterfaceOrientationLandscapeLeft UIInterfaceOrientationLandscapeRight";
				INFOPLIST_KEY_UISupportedInterfaceOrientations_iPhone = "UIInterfaceOrientationPortrait UIInterfaceOrientationLandscapeLeft UIInterfaceOrientationLandscapeRight";
				LD_RUNPATH_SEARCH_PATHS = (
					"$(inherited)",
					"@executable_path/Frameworks",
				);
				MARKETING_VERSION = 1.0;
				PRODUCT_BUNDLE_IDENTIFIER = Alp.InstaClone;
				PRODUCT_NAME = "$(TARGET_NAME)";
				SWIFT_EMIT_LOC_STRINGS = YES;
				SWIFT_VERSION = 5.0;
				TARGETED_DEVICE_FAMILY = "1,2";
			};
			name = Release;
		};
		7690042E2C565E8E002C1258 /* Debug */ = {
			isa = XCBuildConfiguration;
			baseConfigurationReference = F5FCBC1A13463833F1037DE3 /* Pods-InstaCloneTests.debug.xcconfig */;
			buildSettings = {
				ALWAYS_EMBED_SWIFT_STANDARD_LIBRARIES = YES;
				BUNDLE_LOADER = "$(TEST_HOST)";
				CODE_SIGN_STYLE = Automatic;
				CURRENT_PROJECT_VERSION = 1;
				GENERATE_INFOPLIST_FILE = YES;
				IPHONEOS_DEPLOYMENT_TARGET = 17.5;
				MARKETING_VERSION = 1.0;
				PRODUCT_BUNDLE_IDENTIFIER = Alp.InstaCloneTests;
				PRODUCT_NAME = "$(TARGET_NAME)";
				SWIFT_EMIT_LOC_STRINGS = NO;
				SWIFT_VERSION = 5.0;
				TARGETED_DEVICE_FAMILY = "1,2";
				TEST_HOST = "$(BUILT_PRODUCTS_DIR)/InstaClone.app/$(BUNDLE_EXECUTABLE_FOLDER_PATH)/InstaClone";
			};
			name = Debug;
		};
		7690042F2C565E8E002C1258 /* Release */ = {
			isa = XCBuildConfiguration;
			baseConfigurationReference = C2F48D7D3EE2277C5E311D9A /* Pods-InstaCloneTests.release.xcconfig */;
			buildSettings = {
				ALWAYS_EMBED_SWIFT_STANDARD_LIBRARIES = YES;
				BUNDLE_LOADER = "$(TEST_HOST)";
				CODE_SIGN_STYLE = Automatic;
				CURRENT_PROJECT_VERSION = 1;
				GENERATE_INFOPLIST_FILE = YES;
				IPHONEOS_DEPLOYMENT_TARGET = 17.5;
				MARKETING_VERSION = 1.0;
				PRODUCT_BUNDLE_IDENTIFIER = Alp.InstaCloneTests;
				PRODUCT_NAME = "$(TARGET_NAME)";
				SWIFT_EMIT_LOC_STRINGS = NO;
				SWIFT_VERSION = 5.0;
				TARGETED_DEVICE_FAMILY = "1,2";
				TEST_HOST = "$(BUILT_PRODUCTS_DIR)/InstaClone.app/$(BUNDLE_EXECUTABLE_FOLDER_PATH)/InstaClone";
			};
			name = Release;
		};
		769004312C565E8E002C1258 /* Debug */ = {
			isa = XCBuildConfiguration;
			baseConfigurationReference = 33ACFB1E9F9D28CEB5F57FFE /* Pods-InstaClone-InstaCloneUITests.debug.xcconfig */;
			buildSettings = {
				ALWAYS_EMBED_SWIFT_STANDARD_LIBRARIES = YES;
				CODE_SIGN_STYLE = Automatic;
				CURRENT_PROJECT_VERSION = 1;
				GENERATE_INFOPLIST_FILE = YES;
				MARKETING_VERSION = 1.0;
				PRODUCT_BUNDLE_IDENTIFIER = Alp.InstaCloneUITests;
				PRODUCT_NAME = "$(TARGET_NAME)";
				SWIFT_EMIT_LOC_STRINGS = NO;
				SWIFT_VERSION = 5.0;
				TARGETED_DEVICE_FAMILY = "1,2";
				TEST_TARGET_NAME = InstaClone;
			};
			name = Debug;
		};
		769004322C565E8E002C1258 /* Release */ = {
			isa = XCBuildConfiguration;
			baseConfigurationReference = 69C2589216C970BD940584A0 /* Pods-InstaClone-InstaCloneUITests.release.xcconfig */;
			buildSettings = {
				ALWAYS_EMBED_SWIFT_STANDARD_LIBRARIES = YES;
				CODE_SIGN_STYLE = Automatic;
				CURRENT_PROJECT_VERSION = 1;
				GENERATE_INFOPLIST_FILE = YES;
				MARKETING_VERSION = 1.0;
				PRODUCT_BUNDLE_IDENTIFIER = Alp.InstaCloneUITests;
				PRODUCT_NAME = "$(TARGET_NAME)";
				SWIFT_EMIT_LOC_STRINGS = NO;
				SWIFT_VERSION = 5.0;
				TARGETED_DEVICE_FAMILY = "1,2";
				TEST_TARGET_NAME = InstaClone;
			};
			name = Release;
		};
/* End XCBuildConfiguration section */

/* Begin XCConfigurationList section */
		769003FB2C565E8C002C1258 /* Build configuration list for PBXProject "InstaClone" */ = {
			isa = XCConfigurationList;
			buildConfigurations = (
				769004282C565E8E002C1258 /* Debug */,
				769004292C565E8E002C1258 /* Release */,
			);
			defaultConfigurationIsVisible = 0;
			defaultConfigurationName = Release;
		};
		7690042A2C565E8E002C1258 /* Build configuration list for PBXNativeTarget "InstaClone" */ = {
			isa = XCConfigurationList;
			buildConfigurations = (
				7690042B2C565E8E002C1258 /* Debug */,
				7690042C2C565E8E002C1258 /* Release */,
			);
			defaultConfigurationIsVisible = 0;
			defaultConfigurationName = Release;
		};
		7690042D2C565E8E002C1258 /* Build configuration list for PBXNativeTarget "InstaCloneTests" */ = {
			isa = XCConfigurationList;
			buildConfigurations = (
				7690042E2C565E8E002C1258 /* Debug */,
				7690042F2C565E8E002C1258 /* Release */,
			);
			defaultConfigurationIsVisible = 0;
			defaultConfigurationName = Release;
		};
		769004302C565E8E002C1258 /* Build configuration list for PBXNativeTarget "InstaCloneUITests" */ = {
			isa = XCConfigurationList;
			buildConfigurations = (
				769004312C565E8E002C1258 /* Debug */,
				769004322C565E8E002C1258 /* Release */,
			);
			defaultConfigurationIsVisible = 0;
			defaultConfigurationName = Release;
		};
/* End XCConfigurationList section */
	};
	rootObject = 769003F82C565E8C002C1258 /* Project object */;
}
